<?xml version="1.0" encoding="utf-8"?>
<Project ToolsVersion="4.0" xmlns="http://schemas.microsoft.com/developer/msbuild/2003">
  <ItemGroup>
    <Filter Include="Layers">
      <UniqueIdentifier>{3920fe47-31c6-4d6f-87a0-2adbc4b102f9}</UniqueIdentifier>
    </Filter>
    <Filter Include="Models">
      <UniqueIdentifier>{247884bd-6df3-4a6c-b1e5-02499c36530f}</UniqueIdentifier>
    </Filter>
    <Filter Include="Mathematics">
      <UniqueIdentifier>{b0109656-c368-4e6d-887b-9ce4fbe3e616}</UniqueIdentifier>
    </Filter>
    <Filter Include="Graphs">
      <UniqueIdentifier>{6e4a5b54-2eee-4c17-af2f-0022371dee46}</UniqueIdentifier>
    </Filter>
    <Filter Include="Optimizers">
      <UniqueIdentifier>{137080da-9b2f-48d4-9727-84bf338a4ea6}</UniqueIdentifier>
    </Filter>
    <Filter Include="Objectives">
      <UniqueIdentifier>{ca5141aa-9e74-48e2-a469-bae3928b17ba}</UniqueIdentifier>
    </Filter>
    <Filter Include="Include">
      <UniqueIdentifier>{93995380-89BD-4b04-88EB-625FBE52EBFB}</UniqueIdentifier>
      <Extensions>h;hh;hpp;hxx;h++;hm;inl;inc;ipp;xsd</Extensions>
    </Filter>
  </ItemGroup>
  <ItemGroup>
    <ClCompile Include="Main.cpp" />
    <ClCompile Include="Layer.cpp">
      <Filter>Layers</Filter>
    </ClCompile>
    <ClCompile Include="ComputationalGraph.cpp">
      <Filter>Graphs</Filter>
    </ClCompile>
    <ClCompile Include="Model.cpp">
      <Filter>Models</Filter>
    </ClCompile>
  </ItemGroup>
  <ItemGroup>
    <ClInclude Include="Tensor.h">
      <Filter>Include</Filter>
    </ClInclude>
    <ClInclude Include="Layer.h">
      <Filter>Include</Filter>
    </ClInclude>
    <ClInclude Include="ComputationalGraph.h">
      <Filter>Include</Filter>
    </ClInclude>
    <ClInclude Include="Model.h">
      <Filter>Include</Filter>
    </ClInclude>
  </ItemGroup>
</Project>