<?xml version="1.0" encoding="utf-8"?>
<Project ToolsVersion="4.0" xmlns="http://schemas.microsoft.com/developer/msbuild/2003">
  <ItemGroup>
    <Filter Include="Inc">
      <UniqueIdentifier>{93995380-89BD-4b04-88EB-625FBE52EBFB}</UniqueIdentifier>
      <Extensions>h;hh;hpp;hxx;h++;hm;inl;inc;ipp;xsd</Extensions>
    </Filter>
    <Filter Include="Res">
      <UniqueIdentifier>{67DA6AB6-F800-4c08-8B7A-83BB121AAD01}</UniqueIdentifier>
      <Extensions>rc;ico;cur;bmp;dlg;rc2;rct;bin;rgs;gif;jpg;jpeg;jpe;resx;tiff;tif;png;wav;mfcribbon-ms</Extensions>
    </Filter>
    <Filter Include="Src">
      <UniqueIdentifier>{4FC737F1-C7A5-4376-A066-2A32D752A2FF}</UniqueIdentifier>
      <Extensions>cpp;c;cc;cxx;c++;cppm;ixx;def;odl;idl;hpj;bat;asm;asmx</Extensions>
    </Filter>
    <Filter Include="Inc\Tensors">
      <UniqueIdentifier>{30fd29e4-84c4-4cdf-b2ba-0396870e2962}</UniqueIdentifier>
    </Filter>
    <Filter Include="Src\Tensors">
      <UniqueIdentifier>{07afce7c-3365-472f-bd00-a79e344cc3f2}</UniqueIdentifier>
    </Filter>
  </ItemGroup>
  <ItemGroup>
    <ClInclude Include="Tensor.h">
      <Filter>Inc\Tensors</Filter>
    </ClInclude>
    <ClInclude Include="Tensor1D.h">
      <Filter>Inc\Tensors</Filter>
    </ClInclude>
    <ClInclude Include="Tensor2D.h">
      <Filter>Inc\Tensors</Filter>
    </ClInclude>
    <ClInclude Include="Tensor3D.h">
      <Filter>Inc\Tensors</Filter>
    </ClInclude>
    <ClInclude Include="Tensor4D.h">
      <Filter>Inc\Tensors</Filter>
    </ClInclude>
  </ItemGroup>
  <ItemGroup>
    <ClCompile Include="main.cpp" />
    <ClCompile Include="Tensor.cpp">
      <Filter>Src\Tensors</Filter>
    </ClCompile>
    <ClCompile Include="Tensor1D.cpp">
      <Filter>Src\Tensors</Filter>
    </ClCompile>
    <ClCompile Include="Tensor2D.cpp">
      <Filter>Src\Tensors</Filter>
    </ClCompile>
  </ItemGroup>
</Project>